<?xml version="1.0" encoding="utf-8"?>
<Project ToolsVersion="4.0" xmlns="http://schemas.microsoft.com/developer/msbuild/2003">
  <ItemGroup>
    <Filter Include="ECS">
      <UniqueIdentifier>{e8f5bb3c-32ed-4f28-95f1-dde181cd4912}</UniqueIdentifier>
    </Filter>
    <Filter Include="Core">
      <UniqueIdentifier>{36826f9d-813f-49f1-a931-5f0cad71e3c8}</UniqueIdentifier>
    </Filter>
    <Filter Include="Assets">
      <UniqueIdentifier>{67DA6AB6-F800-4c08-8B7A-83BB121AAD01}</UniqueIdentifier>
      <Extensions>rc;ico;cur;bmp;dlg;rc2;rct;bin;rgs;gif;jpg;jpeg;jpe;resx;tiff;tif;png;wav;mfcribbon-ms</Extensions>
    </Filter>
    <Filter Include="Managers">
      <UniqueIdentifier>{4710775d-3112-402b-998f-74643390438d}</UniqueIdentifier>
    </Filter>
    <Filter Include="DLLs">
      <UniqueIdentifier>{a4591799-2b4d-4be0-9f99-5faad60bed34}</UniqueIdentifier>
    </Filter>
    <Filter Include="Structs">
      <UniqueIdentifier>{df57ce12-6f58-4abf-997e-39e0d1c4252b}</UniqueIdentifier>
    </Filter>
    <Filter Include="TileMaps">
      <UniqueIdentifier>{ee4fbaae-a389-4a95-b7ed-d2d6124c757c}</UniqueIdentifier>
    </Filter>
    <Filter Include="Assets\Fonts">
      <UniqueIdentifier>{f5b213df-7c5b-4abc-89ec-7c445b8ac507}</UniqueIdentifier>
    </Filter>
    <Filter Include="Assets\Sprites">
      <UniqueIdentifier>{21d56466-ba3b-4a8d-b2c0-f28722d73abd}</UniqueIdentifier>
    </Filter>
    <Filter Include="ECS\Components">
      <UniqueIdentifier>{7d34107d-8c2c-4afc-a4bc-5aabe7af3efa}</UniqueIdentifier>
    </Filter>
    <Filter Include="Abstract Class Patterns">
      <UniqueIdentifier>{20a1f9b9-20e1-4267-aa43-8f051373bb27}</UniqueIdentifier>
    </Filter>
    <Filter Include="GUI">
      <UniqueIdentifier>{4c553c88-9317-4cb9-9bff-990df1a091bf}</UniqueIdentifier>
    </Filter>
    <Filter Include="GUI\UIElements">
      <UniqueIdentifier>{5817c7d7-01df-4336-ba14-89c03cf0e921}</UniqueIdentifier>
    </Filter>
    <Filter Include="States">
      <UniqueIdentifier>{278cfc49-446a-4cd1-b273-7388bfc3727a}</UniqueIdentifier>
    </Filter>
    <Filter Include="Assets\GUI">
      <UniqueIdentifier>{73bff196-d654-467c-9eac-1a93f1e2c411}</UniqueIdentifier>
    </Filter>
    <Filter Include="Physics">
      <UniqueIdentifier>{3a2102ac-e9d3-40e4-ad1c-73201ad57ef6}</UniqueIdentifier>
    </Filter>
    <Filter Include="Assets\Maps">
      <UniqueIdentifier>{3b2c53d0-e43c-40bc-b4bd-09f86e233d4b}</UniqueIdentifier>
    </Filter>
    <Filter Include="Assets\Config">
      <UniqueIdentifier>{2b63ea0b-e97e-4e74-adad-f3f7f3761c0c}</UniqueIdentifier>
    </Filter>
  </ItemGroup>
  <ItemGroup>
    <Image Include="assets\cannonball.png">
      <Filter>Assets\Sprites</Filter>
    </Image>
    <Image Include="assets\collider.png">
      <Filter>Assets\Sprites</Filter>
    </Image>
    <Image Include="assets\ship.png">
      <Filter>Assets\Sprites</Filter>
    </Image>
    <Image Include="assets\terrain.png">
      <Filter>Assets\Sprites</Filter>
    </Image>
    <Image Include="assets\GUI\6longpanel.png">
      <Filter>Assets\GUI</Filter>
    </Image>
    <Image Include="assets\GUI\10longpanel.png">
      <Filter>Assets\GUI</Filter>
    </Image>
    <Image Include="assets\GUI\12longpanel.png">
      <Filter>Assets\GUI</Filter>
    </Image>
    <Image Include="assets\GUI\downarrowbutton.png">
      <Filter>Assets\GUI</Filter>
    </Image>
    <Image Include="assets\GUI\sidearrowbutton.png">
      <Filter>Assets\GUI</Filter>
    </Image>
    <Image Include="assets\GUI\uparrowbutton.png">
      <Filter>Assets\GUI</Filter>
    </Image>
    <Image Include="assets\GUI\8x6panel.png">
      <Filter>Assets\GUI</Filter>
    </Image>
    <Image Include="assets\GUI\pausepanel.png">
      <Filter>Assets\GUI</Filter>
    </Image>
    <Image Include="assets\sprites\cannonball.png">
      <Filter>Assets\Sprites</Filter>
    </Image>
    <Image Include="assets\sprites\jumprope.png">
      <Filter>Assets\Sprites</Filter>
    </Image>
    <Image Include="assets\sprites\ship.png">
      <Filter>Assets\Sprites</Filter>
    </Image>
    <Image Include="assets\tiles\terrain.png">
      <Filter>Assets\Maps</Filter>
    </Image>
    <Image Include="assets\tiles\collider.png">
      <Filter>Assets\Maps</Filter>
    </Image>
  </ItemGroup>
  <ItemGroup>
    <ClInclude Include="src\Managers\Assets.hpp">
      <Filter>Managers</Filter>
    </ClInclude>
    <ClInclude Include="src\Managers\Audio.hpp">
      <Filter>Managers</Filter>
    </ClInclude>
    <ClInclude Include="src\Managers\Graphics.hpp">
      <Filter>Managers</Filter>
    </ClInclude>
    <ClInclude Include="src\Managers\Input.hpp">
      <Filter>Managers</Filter>
    </ClInclude>
    <ClInclude Include="src\Managers\Timer.hpp">
      <Filter>Managers</Filter>
    </ClInclude>
    <ClInclude Include="src\Core\Game.hpp">
      <Filter>Core</Filter>
    </ClInclude>
    <ClInclude Include="src\Managers\Camera.hpp">
      <Filter>Managers</Filter>
    </ClInclude>
    <ClInclude Include="src\States\State.hpp">
      <Filter>States</Filter>
    </ClInclude>
    <ClInclude Include="src\States\TestLevel.hpp">
      <Filter>States</Filter>
    </ClInclude>
    <ClInclude Include="src\TileMaps\Map.hpp">
      <Filter>TileMaps</Filter>
    </ClInclude>
    <ClInclude Include="src\States\MainMenu.hpp">
      <Filter>States</Filter>
    </ClInclude>
    <ClInclude Include="src\Geometry\Collision.hpp">
      <Filter>Physics</Filter>
    </ClInclude>
    <ClInclude Include="src\Structs\Vector2D.hpp">
      <Filter>Structs</Filter>
    </ClInclude>
    <ClInclude Include="src\Structs\Animation.hpp">
      <Filter>Structs</Filter>
    </ClInclude>
    <ClInclude Include="src\Managers\States.hpp">
      <Filter>Managers</Filter>
    </ClInclude>
    <ClInclude Include="src\Managers\Managers.hpp">
      <Filter>Managers</Filter>
    </ClInclude>
    <ClInclude Include="src\Structs\DynRect.hpp">
      <Filter>Structs</Filter>
    </ClInclude>
    <ClInclude Include="src\States\SettingsMenu.hpp">
      <Filter>States</Filter>
    </ClInclude>
    <ClInclude Include="src\Managers\GUI.hpp">
      <Filter>Managers</Filter>
    </ClInclude>
    <ClInclude Include="src\Abstraction\Uncopyable.hpp">
      <Filter>Abstract Class Patterns</Filter>
    </ClInclude>
    <ClInclude Include="src\Abstraction\Singleton.hpp">
      <Filter>Abstract Class Patterns</Filter>
    </ClInclude>
    <ClInclude Include="src\States\LogoSplashScreen.hpp">
      <Filter>States</Filter>
    </ClInclude>
    <ClInclude Include="src\States\ListOfStates.hpp">
      <Filter>States</Filter>
    </ClInclude>
    <ClInclude Include="src\GUI\Button.hpp">
      <Filter>GUI\UIElements</Filter>
    </ClInclude>
    <ClInclude Include="src\GUI\Picker.hpp">
      <Filter>GUI\UIElements</Filter>
    </ClInclude>
    <ClInclude Include="src\GUI\Panel.hpp">
      <Filter>GUI\UIElements</Filter>
    </ClInclude>
    <ClInclude Include="src\GUI\UIElement.hpp">
      <Filter>GUI\UIElements</Filter>
    </ClInclude>
    <ClInclude Include="src\GUI\UIText.hpp">
      <Filter>GUI\UIElements</Filter>
    </ClInclude>
    <ClInclude Include="src\GUI\UISprite.hpp">
      <Filter>GUI\UIElements</Filter>
    </ClInclude>
    <ClInclude Include="src\GUI\PauseMenu.hpp">
      <Filter>GUI\UIElements</Filter>
    </ClInclude>
    <ClInclude Include="src\ECS\Entity.hpp" />
    <ClInclude Include="src\ECS\Components.hpp" />
    <ClInclude Include="src\ECS\Components\TagComponent.hpp" />
    <ClInclude Include="src\ECS\Components\TransformComponent.hpp" />
    <ClInclude Include="src\ECS\Components\TileComponent.hpp" />
    <ClInclude Include="src\ECS\Components\VelocityComponent.hpp" />
    <ClInclude Include="src\ECS\Components\SpriteComponent.hpp" />
    <ClInclude Include="src\ECS\Systems\Physics.hpp" />
    <ClInclude Include="src\ECS\Systems\Rendering.hpp" />
    <ClInclude Include="src\ECS\Systems\InputHandling.hpp" />
    <ClInclude Include="src\ECS\Components\ControlComponent.hpp" />
    <ClInclude Include="src\ECS\Components\ColliderComponent.hpp" />
    <ClInclude Include="src\Utility\Maths.hpp" />
    <ClInclude Include="src\TileMaps\MapChunk.hpp" />
    <ClInclude Include="src\Structs\Polygon.hpp" />
  </ItemGroup>
  <ItemGroup>
    <ClCompile Include="src\Managers\Assets.cpp">
      <Filter>Managers</Filter>
    </ClCompile>
    <ClCompile Include="src\Managers\Audio.cpp">
      <Filter>Managers</Filter>
    </ClCompile>
    <ClCompile Include="src\Managers\Graphics.cpp">
      <Filter>Managers</Filter>
    </ClCompile>
    <ClCompile Include="src\Managers\Input.cpp">
      <Filter>Managers</Filter>
    </ClCompile>
    <ClCompile Include="src\Managers\Timer.cpp">
      <Filter>Managers</Filter>
    </ClCompile>
    <ClCompile Include="src\Core\Game.cpp">
      <Filter>Core</Filter>
    </ClCompile>
    <ClCompile Include="src\Core\main.cpp">
      <Filter>Core</Filter>
    </ClCompile>
    <ClCompile Include="src\Managers\Camera.cpp">
      <Filter>Managers</Filter>
    </ClCompile>
    <ClCompile Include="src\States\State.cpp">
      <Filter>States</Filter>
    </ClCompile>
    <ClCompile Include="src\States\TestLevel.cpp">
      <Filter>States</Filter>
    </ClCompile>
    <ClCompile Include="src\TileMaps\Map.cpp">
      <Filter>TileMaps</Filter>
    </ClCompile>
    <ClCompile Include="src\States\MainMenu.cpp">
      <Filter>States</Filter>
    </ClCompile>
    <ClCompile Include="src\Geometry\Collision.cpp">
      <Filter>Physics</Filter>
    </ClCompile>
    <ClCompile Include="src\Managers\States.cpp">
      <Filter>Managers</Filter>
    </ClCompile>
    <ClCompile Include="src\States\SettingsMenu.cpp">
      <Filter>States</Filter>
    </ClCompile>
    <ClCompile Include="src\Managers\GUI.cpp">
      <Filter>Managers</Filter>
    </ClCompile>
    <ClCompile Include="src\States\LogoSplashScreen.cpp">
      <Filter>States</Filter>
    </ClCompile>
    <ClCompile Include="src\GUI\Button.cpp">
      <Filter>GUI\UIElements</Filter>
    </ClCompile>
    <ClCompile Include="src\GUI\Picker.cpp">
      <Filter>GUI\UIElements</Filter>
    </ClCompile>
    <ClCompile Include="src\GUI\Panel.cpp">
      <Filter>GUI\UIElements</Filter>
    </ClCompile>
    <ClCompile Include="src\GUI\UIElement.cpp">
      <Filter>GUI\UIElements</Filter>
    </ClCompile>
    <ClCompile Include="src\GUI\UIText.cpp">
      <Filter>GUI\UIElements</Filter>
    </ClCompile>
    <ClCompile Include="src\GUI\UISprite.cpp">
      <Filter>GUI\UIElements</Filter>
    </ClCompile>
    <ClCompile Include="src\GUI\PauseMenu.cpp">
      <Filter>GUI\UIElements</Filter>
    </ClCompile>
    <ClCompile Include="src\TileMaps\MapChunk.cpp" />
  </ItemGroup>
  <ItemGroup>
    <None Include="src\SDL2_ttf.dll">
      <Filter>DLLs</Filter>
    </None>
    <None Include="src\SDL2.dll">
      <Filter>DLLs</Filter>
    </None>
    <None Include="x64\Debug\libFLAC-8.dll">
      <Filter>DLLs</Filter>
    </None>
    <None Include="x64\Debug\libmodplug-1.dll">
      <Filter>DLLs</Filter>
    </None>
    <None Include="x64\Debug\libmpg123-0.dll">
      <Filter>DLLs</Filter>
    </None>
    <None Include="x64\Debug\libogg-0.dll">
      <Filter>DLLs</Filter>
    </None>
    <None Include="x64\Debug\libopus-0.dll">
      <Filter>DLLs</Filter>
    </None>
    <None Include="x64\Debug\libopusfile-0.dll">
      <Filter>DLLs</Filter>
    </None>
    <None Include="x64\Debug\libvorbis-0.dll">
      <Filter>DLLs</Filter>
    </None>
    <None Include="x64\Debug\libvorbisfile-3.dll">
      <Filter>DLLs</Filter>
    </None>
    <None Include="x64\Debug\SDL_mixer.dll">
      <Filter>DLLs</Filter>
    </None>
    <None Include="x64\Debug\SDL2.dll">
      <Filter>DLLs</Filter>
    </None>
    <None Include="x64\Debug\SDL2_image.dll">
      <Filter>DLLs</Filter>
    </None>
    <None Include="x64\Debug\SDL2_mixer.dll">
      <Filter>DLLs</Filter>
    </None>
    <None Include="x64\Debug\SDL2_ttf.dll">
      <Filter>DLLs</Filter>
    </None>
    <None Include="config\settings.ini">
      <Filter>Assets\Config</Filter>
    </None>
  </ItemGroup>
  <ItemGroup>
    <Text Include="assets\map0.txt">
      <Filter>TileMaps</Filter>
    </Text>
    <Text Include="assets\maps\map0.txt">
      <Filter>Assets\Maps</Filter>
    </Text>
  </ItemGroup>
  <ItemGroup>
    <Font Include="assets\fonts\arcade.ttf">
      <Filter>Assets\Fonts</Filter>
    </Font>
    <Font Include="assets\fonts\Leander.ttf">
      <Filter>Assets\Fonts</Filter>
    </Font>
    <Font Include="assets\fonts\pixel_gothic.ttf">
      <Filter>Assets\Fonts</Filter>
    </Font>
    <Font Include="assets\fonts\pixel_pirate.ttf">
      <Filter>Assets\Fonts</Filter>
    </Font>
    <Font Include="assets\fonts\UglyQua.ttf">
      <Filter>Assets\Fonts</Filter>
    </Font>
    <Font Include="assets\fonts\UglyQua-Italic.ttf">
      <Filter>Assets\Fonts</Filter>
    </Font>
  </ItemGroup>
</Project>